
Microsoft Visual Studio Solution File, Format Version 12.00
# Visual Studio 14
VisualStudioVersion = 14.0.25420.1
MinimumVisualStudioVersion = 10.0.40219.1
Project("{2150E333-8FDC-42A3-9474-1A3956D46DE8}") = "src", "src", "{115885C4-B9FD-4F9D-9E8F-9968B6DB89A3}"
EndProject
Project("{2150E333-8FDC-42A3-9474-1A3956D46DE8}") = "Solution Items", "Solution Items", "{B374078E-DA28-413E-98BC-103B89BEAA99}"
	ProjectSection(SolutionItems) = preProject
		global.json = global.json
	EndProjectSection
EndProject
Project("{8BB2217D-0F2D-49D1-97BC-3654ED321F3B}") = "h3ko.SimpleMailbot.Web", "src\h3ko.SimpleMailbot.Web\h3ko.SimpleMailbot.Web.xproj", "{40E61C66-B2E8-41F1-9DD9-D721E8D589A3}"
EndProject
Global
	GlobalSection(SolutionConfigurationPlatforms) = preSolution
		Debug|Any CPU = Debug|Any CPU
		Release|Any CPU = Release|Any CPU
	EndGlobalSection
	GlobalSection(ProjectConfigurationPlatforms) = postSolution
		{40E61C66-B2E8-41F1-9DD9-D721E8D589A3}.Debug|Any CPU.ActiveCfg = Debug|Any CPU
		{40E61C66-B2E8-41F1-9DD9-D721E8D589A3}.Debug|Any CPU.Build.0 = Debug|Any CPU
		{40E61C66-B2E8-41F1-9DD9-D721E8D589A3}.Release|Any CPU.ActiveCfg = Release|Any CPU
		{40E61C66-B2E8-41F1-9DD9-D721E8D589A3}.Release|Any CPU.Build.0 = Release|Any CPU
	EndGlobalSection
	GlobalSection(SolutionProperties) = preSolution
		HideSolutionNode = FALSE
	EndGlobalSection
	GlobalSection(NestedProjects) = preSolution
		{40E61C66-B2E8-41F1-9DD9-D721E8D589A3} = {115885C4-B9FD-4F9D-9E8F-9968B6DB89A3}
	EndGlobalSection
EndGlobal
